
Microsoft Visual Studio Solution File, Format Version 12.00
# Visual Studio Version 16
VisualStudioVersion = 16.0.31702.278
MinimumVisualStudioVersion = 10.0.40219.1
Project("{FAE04EC0-301F-11D3-BF4B-00C04F79EFBC}") = "Power Billing Portal", "Power Billing Portal.csproj", "{66BC5D72-02BB-4423-AAC3-B89A3F62FD5E}"
EndProject
Global
	GlobalSection(SolutionConfigurationPlatforms) = preSolution
		Debug|Any CPU = Debug|Any CPU
		Release|Any CPU = Release|Any CPU
	EndGlobalSection
	GlobalSection(ProjectConfigurationPlatforms) = postSolution
		{66BC5D72-02BB-4423-AAC3-B89A3F62FD5E}.Debug|Any CPU.ActiveCfg = Debug|Any CPU
		{66BC5D72-02BB-4423-AAC3-B89A3F62FD5E}.Debug|Any CPU.Build.0 = Debug|Any CPU
		{66BC5D72-02BB-4423-AAC3-B89A3F62FD5E}.Release|Any CPU.ActiveCfg = Release|Any CPU
		{66BC5D72-02BB-4423-AAC3-B89A3F62FD5E}.Release|Any CPU.Build.0 = Release|Any CPU
	EndGlobalSection
	GlobalSection(SolutionProperties) = preSolution
		HideSolutionNode = FALSE
	EndGlobalSection
	GlobalSection(ExtensibilityGlobals) = postSolution
		SolutionGuid = {B07D4AF4-C622-4FCB-866B-8AF2DD2D43BF}
	EndGlobalSection
EndGlobal
